
Microsoft Visual Studio Solution File, Format Version 12.00
# Visual Studio Version 16
VisualStudioVersion = 16.0.31624.102
MinimumVisualStudioVersion = 10.0.40219.1
Project("{F184B08F-C81C-45F6-A57F-5ABD9991F28F}") = "FakeapexCheat", "FakeapexCheat\FakeapexCheat.vbproj", "{26AC0C22-DC86-4E7E-AA71-093D3F6619C9}"
EndProject
Global
	GlobalSection(SolutionConfigurationPlatforms) = preSolution
		Debug|Any CPU = Debug|Any CPU
		Release|Any CPU = Release|Any CPU
	EndGlobalSection
	GlobalSection(ProjectConfigurationPlatforms) = postSolution
		{26AC0C22-DC86-4E7E-AA71-093D3F6619C9}.Debug|Any CPU.ActiveCfg = Debug|Any CPU
		{26AC0C22-DC86-4E7E-AA71-093D3F6619C9}.Debug|Any CPU.Build.0 = Debug|Any CPU
		{26AC0C22-DC86-4E7E-AA71-093D3F6619C9}.Release|Any CPU.ActiveCfg = Release|Any CPU
		{26AC0C22-DC86-4E7E-AA71-093D3F6619C9}.Release|Any CPU.Build.0 = Release|Any CPU
	EndGlobalSection
	GlobalSection(SolutionProperties) = preSolution
		HideSolutionNode = FALSE
	EndGlobalSection
	GlobalSection(ExtensibilityGlobals) = postSolution
		SolutionGuid = {3217F4E3-CC00-4F5B-8604-F7F02A652686}
	EndGlobalSection
EndGlobal
